
Microsoft Visual Studio Solution File, Format Version 12.00
# Visual Studio Version 16
VisualStudioVersion = 16.0.810.23
MinimumVisualStudioVersion = 10.0.40219.1
Project("{FAE04EC0-301F-11D3-BF4B-00C04F79EFBC}") = "MintControlAPI", "MintControlAPI.csproj", "{A6981BEA-C143-4C22-A674-619BDF7467F7}"
EndProject
Project("{FAE04EC0-301F-11D3-BF4B-00C04F79EFBC}") = "MintControlAPITest", "MintControlAPITest\MintControlAPITest.csproj", "{370A78C1-A029-431B-88CB-579C6C1A3929}"
EndProject
Global
	GlobalSection(SolutionConfigurationPlatforms) = preSolution
		Debug|Any CPU = Debug|Any CPU
		Release|Any CPU = Release|Any CPU
	EndGlobalSection
	GlobalSection(ProjectConfigurationPlatforms) = postSolution
		{A6981BEA-C143-4C22-A674-619BDF7467F7}.Debug|Any CPU.ActiveCfg = Debug|Any CPU
		{A6981BEA-C143-4C22-A674-619BDF7467F7}.Debug|Any CPU.Build.0 = Debug|Any CPU
		{A6981BEA-C143-4C22-A674-619BDF7467F7}.Release|Any CPU.ActiveCfg = Release|Any CPU
		{A6981BEA-C143-4C22-A674-619BDF7467F7}.Release|Any CPU.Build.0 = Release|Any CPU
		{370A78C1-A029-431B-88CB-579C6C1A3929}.Debug|Any CPU.ActiveCfg = Debug|Any CPU
		{370A78C1-A029-431B-88CB-579C6C1A3929}.Debug|Any CPU.Build.0 = Debug|Any CPU
		{370A78C1-A029-431B-88CB-579C6C1A3929}.Release|Any CPU.ActiveCfg = Release|Any CPU
		{370A78C1-A029-431B-88CB-579C6C1A3929}.Release|Any CPU.Build.0 = Release|Any CPU
	EndGlobalSection
	GlobalSection(SolutionProperties) = preSolution
		HideSolutionNode = FALSE
	EndGlobalSection
	GlobalSection(ExtensibilityGlobals) = postSolution
		SolutionGuid = {A182FFDF-1A1D-4E9F-A10E-D8A588C40D13}
	EndGlobalSection
EndGlobal
